# This file was autogenerated by Stack.
# You should not edit this file by hand.
# For more information, please see the documentation at:
#   https://docs.haskellstack.org/en/stable/lock_files

packages:
- completed:
    hackage: type-level-sets-0.8.9.0@sha256:e29f4045b68e46e0f88153c63f48fb026917eeacafd9b81fc059417a85e68031,3123
    pantry-tree:
      size: 382
      sha256: e7b4e38017e1231b70c511f95a057692a43366408137639da510b25155662a09
  original:
    hackage: type-level-sets-0.8.9.0
- completed:
    name: effect-monad
    version: 0.8.0.0
    git: https://github.com/nilp0inter/effect-monad.git
    pantry-tree:
      size: 10776
      sha256: e1d0436ca73c9655ba00182c368f7afa65238e74fca05654dea18e70b35b7ba6
    commit: 81fb4540d9da222651d5159239569e5b665c09fb
  original:
    git: https://github.com/nilp0inter/effect-monad.git
    commit: 81fb4540d9da222651d5159239569e5b665c09fb
- completed:
    hackage: first-class-families-0.8.0.0@sha256:a26c470290dc80349fdec6f2f49a9ae02c9ac45334a5af3bd4afcd347be4e60b,1839
    pantry-tree:
      size: 1423
      sha256: 4e429aabcbb36ac9aca318b53bc8eaf36de527b42bf89e5e32d551615178957c
  original:
    hackage: first-class-families-0.8.0.0
- completed:
    hackage: monad-var-0.2.2.0@sha256:676a99b61173859c9bba1093f3779832a29f6d3eed9a74dbb0e190f10874717f,2186
    pantry-tree:
      size: 902
      sha256: b8887d397ac332ef7a35e404917724ef985ee1c3699895e1e7717cd94f35019b
  original:
    hackage: monad-var-0.2.2.0
- completed:
    hackage: data-default-0.7.1.1@sha256:2804e8d14f521a1edee88b68b66347448e7f3b685868290fdc55930e4471f5a9,645
    pantry-tree:
      size: 212
      sha256: 1db0dcb6890feff1b87ea180a4c4a0611cda399a700822bd75970a2b7ad02dbc
  original:
    hackage: data-default-0.7.1.1
snapshots:
- completed:
    size: 563098
    url: https://raw.githubusercontent.com/commercialhaskell/stackage-snapshots/master/lts/17/1.yaml
    sha256: 395775c03e66a4286f134d50346b0b6f1432131cf542886252984b4cfa5fef69
  original:
    url: https://raw.githubusercontent.com/commercialhaskell/stackage-snapshots/master/lts/17/1.yaml
